
Microsoft Visual Studio Solution File, Format Version 12.00
# Visual Studio 14
VisualStudioVersion = 14.0.25123.0
MinimumVisualStudioVersion = 10.0.40219.1
Project("{8BB2217D-0F2D-49D1-97BC-3654ED321F3B}") = "C3.Services", "C3.Services\C3.Services.xproj", "{B95A809A-0B2C-4373-BA99-7898807A1DB1}"
EndProject
Project("{8BB2217D-0F2D-49D1-97BC-3654ED321F3B}") = "C3.Services.Tests", "C3.Services.Tests\C3.Services.Tests.xproj", "{1DD760DA-0A3E-4F30-AC8E-FB86C9AF0ABD}"
EndProject
Project("{FAE04EC0-301F-11D3-BF4B-00C04F79EFBC}") = "C3.WebApp", "C3.WebApp\C3.WebApp.csproj", "{F13CFBD7-8024-4BCC-A20A-0C0396596C74}"
EndProject
Global
	GlobalSection(SolutionConfigurationPlatforms) = preSolution
		Debug|Any CPU = Debug|Any CPU
		Release|Any CPU = Release|Any CPU
	EndGlobalSection
	GlobalSection(ProjectConfigurationPlatforms) = postSolution
		{B95A809A-0B2C-4373-BA99-7898807A1DB1}.Debug|Any CPU.ActiveCfg = Debug|Any CPU
		{B95A809A-0B2C-4373-BA99-7898807A1DB1}.Debug|Any CPU.Build.0 = Debug|Any CPU
		{B95A809A-0B2C-4373-BA99-7898807A1DB1}.Release|Any CPU.ActiveCfg = Release|Any CPU
		{B95A809A-0B2C-4373-BA99-7898807A1DB1}.Release|Any CPU.Build.0 = Release|Any CPU
		{1DD760DA-0A3E-4F30-AC8E-FB86C9AF0ABD}.Debug|Any CPU.ActiveCfg = Debug|Any CPU
		{1DD760DA-0A3E-4F30-AC8E-FB86C9AF0ABD}.Debug|Any CPU.Build.0 = Debug|Any CPU
		{1DD760DA-0A3E-4F30-AC8E-FB86C9AF0ABD}.Release|Any CPU.ActiveCfg = Release|Any CPU
		{1DD760DA-0A3E-4F30-AC8E-FB86C9AF0ABD}.Release|Any CPU.Build.0 = Release|Any CPU
		{F13CFBD7-8024-4BCC-A20A-0C0396596C74}.Debug|Any CPU.ActiveCfg = Debug|Any CPU
		{F13CFBD7-8024-4BCC-A20A-0C0396596C74}.Debug|Any CPU.Build.0 = Debug|Any CPU
		{F13CFBD7-8024-4BCC-A20A-0C0396596C74}.Release|Any CPU.ActiveCfg = Release|Any CPU
		{F13CFBD7-8024-4BCC-A20A-0C0396596C74}.Release|Any CPU.Build.0 = Release|Any CPU
	EndGlobalSection
	GlobalSection(SolutionProperties) = preSolution
		HideSolutionNode = FALSE
	EndGlobalSection
EndGlobal
